
Microsoft Visual Studio Solution File, Format Version 12.00
# Visual Studio Version 17
VisualStudioVersion = 17.8.34309.116
MinimumVisualStudioVersion = 10.0.40219.1
Project("{FAE04EC0-301F-11D3-BF4B-00C04F79EFBC}") = "GiocoDadi", "GiocoDadi.csproj", "{13FEDCEA-1BE2-4295-808F-90C9E370BC66}"
EndProject
Global
	GlobalSection(SolutionConfigurationPlatforms) = preSolution
		Debug|Any CPU = Debug|Any CPU
		Release|Any CPU = Release|Any CPU
	EndGlobalSection
	GlobalSection(ProjectConfigurationPlatforms) = postSolution
		{13FEDCEA-1BE2-4295-808F-90C9E370BC66}.Debug|Any CPU.ActiveCfg = Debug|Any CPU
		{13FEDCEA-1BE2-4295-808F-90C9E370BC66}.Debug|Any CPU.Build.0 = Debug|Any CPU
		{13FEDCEA-1BE2-4295-808F-90C9E370BC66}.Release|Any CPU.ActiveCfg = Release|Any CPU
		{13FEDCEA-1BE2-4295-808F-90C9E370BC66}.Release|Any CPU.Build.0 = Release|Any CPU
	EndGlobalSection
	GlobalSection(SolutionProperties) = preSolution
		HideSolutionNode = FALSE
	EndGlobalSection
	GlobalSection(ExtensibilityGlobals) = postSolution
		SolutionGuid = {36B13251-6607-427D-9349-6B8265C09C53}
	EndGlobalSection
EndGlobal
