
Microsoft Visual Studio Solution File, Format Version 12.00
# Visual Studio Version 17
VisualStudioVersion = 17.4.33110.190
MinimumVisualStudioVersion = 10.0.40219.1
Project("{FAE04EC0-301F-11D3-BF4B-00C04F79EFBC}") = "Agenda6.10", "Agenda6.10\Agenda6.10.csproj", "{921D86B7-7A0C-430E-92A5-1F7C0B6BC4BF}"
EndProject
Global
	GlobalSection(SolutionConfigurationPlatforms) = preSolution
		Debug|Any CPU = Debug|Any CPU
		Release|Any CPU = Release|Any CPU
	EndGlobalSection
	GlobalSection(ProjectConfigurationPlatforms) = postSolution
		{921D86B7-7A0C-430E-92A5-1F7C0B6BC4BF}.Debug|Any CPU.ActiveCfg = Debug|Any CPU
		{921D86B7-7A0C-430E-92A5-1F7C0B6BC4BF}.Debug|Any CPU.Build.0 = Debug|Any CPU
		{921D86B7-7A0C-430E-92A5-1F7C0B6BC4BF}.Release|Any CPU.ActiveCfg = Release|Any CPU
		{921D86B7-7A0C-430E-92A5-1F7C0B6BC4BF}.Release|Any CPU.Build.0 = Release|Any CPU
	EndGlobalSection
	GlobalSection(SolutionProperties) = preSolution
		HideSolutionNode = FALSE
	EndGlobalSection
	GlobalSection(ExtensibilityGlobals) = postSolution
		SolutionGuid = {46CDAD3A-3585-46FA-A4C6-994BD675F22F}
	EndGlobalSection
EndGlobal
