
Microsoft Visual Studio Solution File, Format Version 12.00
# Visual Studio Version 17
VisualStudioVersion = 17.8.34309.116
MinimumVisualStudioVersion = 10.0.40219.1
Project("{FAE04EC0-301F-11D3-BF4B-00C04F79EFBC}") = "Concessionaria", "Concessionaria.csproj", "{DA253884-9642-4584-8A2E-05ABF37D092E}"
EndProject
Global
	GlobalSection(SolutionConfigurationPlatforms) = preSolution
		Debug|Any CPU = Debug|Any CPU
		Release|Any CPU = Release|Any CPU
	EndGlobalSection
	GlobalSection(ProjectConfigurationPlatforms) = postSolution
		{DA253884-9642-4584-8A2E-05ABF37D092E}.Debug|Any CPU.ActiveCfg = Debug|Any CPU
		{DA253884-9642-4584-8A2E-05ABF37D092E}.Debug|Any CPU.Build.0 = Debug|Any CPU
		{DA253884-9642-4584-8A2E-05ABF37D092E}.Release|Any CPU.ActiveCfg = Release|Any CPU
		{DA253884-9642-4584-8A2E-05ABF37D092E}.Release|Any CPU.Build.0 = Release|Any CPU
	EndGlobalSection
	GlobalSection(SolutionProperties) = preSolution
		HideSolutionNode = FALSE
	EndGlobalSection
	GlobalSection(ExtensibilityGlobals) = postSolution
		SolutionGuid = {8FB4D6B9-E3D9-42B7-B8F2-62D1554C06FC}
	EndGlobalSection
EndGlobal
