
Microsoft Visual Studio Solution File, Format Version 12.00
# Visual Studio Version 17
VisualStudioVersion = 17.4.33110.190
MinimumVisualStudioVersion = 10.0.40219.1
Project("{FAE04EC0-301F-11D3-BF4B-00C04F79EFBC}") = "conversioneBinEsa", "conversioneBinEsa\conversioneBinEsa.csproj", "{0634CE1D-6E16-478C-8501-AFCD74B06C33}"
EndProject
Global
	GlobalSection(SolutionConfigurationPlatforms) = preSolution
		Debug|Any CPU = Debug|Any CPU
		Release|Any CPU = Release|Any CPU
	EndGlobalSection
	GlobalSection(ProjectConfigurationPlatforms) = postSolution
		{0634CE1D-6E16-478C-8501-AFCD74B06C33}.Debug|Any CPU.ActiveCfg = Debug|Any CPU
		{0634CE1D-6E16-478C-8501-AFCD74B06C33}.Debug|Any CPU.Build.0 = Debug|Any CPU
		{0634CE1D-6E16-478C-8501-AFCD74B06C33}.Release|Any CPU.ActiveCfg = Release|Any CPU
		{0634CE1D-6E16-478C-8501-AFCD74B06C33}.Release|Any CPU.Build.0 = Release|Any CPU
	EndGlobalSection
	GlobalSection(SolutionProperties) = preSolution
		HideSolutionNode = FALSE
	EndGlobalSection
	GlobalSection(ExtensibilityGlobals) = postSolution
		SolutionGuid = {65B0EB07-99E0-4255-9C0E-50AC544DFBC4}
	EndGlobalSection
EndGlobal
