
Microsoft Visual Studio Solution File, Format Version 12.00
# Visual Studio Version 17
VisualStudioVersion = 17.8.34322.80
MinimumVisualStudioVersion = 10.0.40219.1
Project("{FAE04EC0-301F-11D3-BF4B-00C04F79EFBC}") = "Punto", "Punto\Punto.csproj", "{739256BB-34D6-43AE-B5C0-8EE2D2D2E7EE}"
EndProject
Global
	GlobalSection(SolutionConfigurationPlatforms) = preSolution
		Debug|Any CPU = Debug|Any CPU
		Release|Any CPU = Release|Any CPU
	EndGlobalSection
	GlobalSection(ProjectConfigurationPlatforms) = postSolution
		{739256BB-34D6-43AE-B5C0-8EE2D2D2E7EE}.Debug|Any CPU.ActiveCfg = Debug|Any CPU
		{739256BB-34D6-43AE-B5C0-8EE2D2D2E7EE}.Debug|Any CPU.Build.0 = Debug|Any CPU
		{739256BB-34D6-43AE-B5C0-8EE2D2D2E7EE}.Release|Any CPU.ActiveCfg = Release|Any CPU
		{739256BB-34D6-43AE-B5C0-8EE2D2D2E7EE}.Release|Any CPU.Build.0 = Release|Any CPU
	EndGlobalSection
	GlobalSection(SolutionProperties) = preSolution
		HideSolutionNode = FALSE
	EndGlobalSection
	GlobalSection(ExtensibilityGlobals) = postSolution
		SolutionGuid = {8F036135-9836-42E0-B2C2-752768D2FCD6}
	EndGlobalSection
EndGlobal
